
Microsoft Visual Studio Solution File, Format Version 12.00
Project("{2150E333-8FDC-42A3-9474-1A3956D46DE8}") = "01 - Presentation", "01 - Presentation", "{8544C4B0-D53B-47B3-BCB5-A749F6077418}"
EndProject
Project("{2150E333-8FDC-42A3-9474-1A3956D46DE8}") = "02 - Application", "02 - Application", "{1A769BCE-54D0-4E8A-82C8-C849BDDFC141}"
EndProject
Project("{2150E333-8FDC-42A3-9474-1A3956D46DE8}") = "03 - Domain", "03 - Domain", "{C935EE87-9EA9-4339-B954-9E94C221D897}"
EndProject
Project("{2150E333-8FDC-42A3-9474-1A3956D46DE8}") = "04 - Infrastructure", "04 - Infrastructure", "{E180812F-62D1-4857-A51D-B0935902FD06}"
EndProject
Project("{2150E333-8FDC-42A3-9474-1A3956D46DE8}") = "05 - Integration", "05 - Integration", "{01A190FB-967C-4E06-9EEE-43D42CFC73B4}"
EndProject
Project("{2150E333-8FDC-42A3-9474-1A3956D46DE8}") = "06 - Test", "06 - Test", "{E3EDF399-A1A0-403E-8226-1AE9E471B507}"
EndProject
Project("{2150E333-8FDC-42A3-9474-1A3956D46DE8}") = "Data", "Data", "{75795905-2DFC-4A11-9DD8-12A882898014}"
EndProject
Project("{2150E333-8FDC-42A3-9474-1A3956D46DE8}") = "CrossCutting", "CrossCutting", "{E90A457E-4111-45EA-9C48-DE288F610FBD}"
EndProject
Project("{2150E333-8FDC-42A3-9474-1A3956D46DE8}") = "Repository", "Repository", "{3898546A-285B-4E19-BED2-E692060FD407}"
EndProject
Project("{FAE04EC0-301F-11D3-BF4B-00C04F79EFBC}") = "HealthyWallet.Application", "02 - Application\HealthyWallet.Application\HealthyWallet.Application.csproj", "{B4496C60-678A-4554-BAD2-63F52E1F6DE7}"
EndProject
Project("{FAE04EC0-301F-11D3-BF4B-00C04F79EFBC}") = "HealthyWallet.Domain", "03 - Domain\HealthyWallet.Domain\HealthyWallet.Domain.csproj", "{34779699-CB48-4BDB-8648-1916DB54C117}"
EndProject
Project("{FAE04EC0-301F-11D3-BF4B-00C04F79EFBC}") = "HealthyWallet.Infrastructure.CrossCutting", "04 - Infrastructure\CrossCutting\HealthyWallet.Infrastructure.CrossCutting\HealthyWallet.Infrastructure.CrossCutting.csproj", "{8825C3B2-DA3C-41D6-AC11-4AA274751155}"
EndProject
Project("{FAE04EC0-301F-11D3-BF4B-00C04F79EFBC}") = "HealthyWallet.Infrastructure.Data", "04 - Infrastructure\Data\HealthyWallet.Infrastructure.Data\HealthyWallet.Infrastructure.Data.csproj", "{E4BC5B8B-4DDE-4AAD-84E3-3A9FF4140DC8}"
EndProject
Project("{FAE04EC0-301F-11D3-BF4B-00C04F79EFBC}") = "HealthyWallet.Infrastructure.Repository", "04 - Infrastructure\Repository\HealthyWallet.Infrastructure.Repository\HealthyWallet.Infrastructure.Repository.csproj", "{19971124-A5A8-4089-9CD8-92500E85DF7A}"
EndProject
Project("{FAE04EC0-301F-11D3-BF4B-00C04F79EFBC}") = "HealthyWallet.Integration", "05 - Integration\HealthyWallet.Integration\HealthyWallet.Integration.csproj", "{B0BE1D69-2013-4755-A859-2F6EC5C21088}"
EndProject
Project("{FAE04EC0-301F-11D3-BF4B-00C04F79EFBC}") = "HealthyWallet.Test", "06 - Test\HealthyWallet.Test\HealthyWallet.Test.csproj", "{1EA6BB0A-45B0-43E9-AE6E-9745481FCF6D}"
EndProject
Project("{FAE04EC0-301F-11D3-BF4B-00C04F79EFBC}") = "HealthyWallet.Web.Api", "01 - Presentation\HealthyWallet.Web.Api\HealthyWallet.Web.Api.csproj", "{7AB26BCA-3BCC-4BEB-9365-69C8F3F4EE6A}"
EndProject
Global
	GlobalSection(SolutionConfigurationPlatforms) = preSolution
		Debug|Any CPU = Debug|Any CPU
		Release|Any CPU = Release|Any CPU
	EndGlobalSection
	GlobalSection(NestedProjects) = preSolution
		{75795905-2DFC-4A11-9DD8-12A882898014} = {E180812F-62D1-4857-A51D-B0935902FD06}
		{E90A457E-4111-45EA-9C48-DE288F610FBD} = {E180812F-62D1-4857-A51D-B0935902FD06}
		{3898546A-285B-4E19-BED2-E692060FD407} = {E180812F-62D1-4857-A51D-B0935902FD06}
		{B4496C60-678A-4554-BAD2-63F52E1F6DE7} = {1A769BCE-54D0-4E8A-82C8-C849BDDFC141}
		{34779699-CB48-4BDB-8648-1916DB54C117} = {C935EE87-9EA9-4339-B954-9E94C221D897}
		{8825C3B2-DA3C-41D6-AC11-4AA274751155} = {E90A457E-4111-45EA-9C48-DE288F610FBD}
		{E4BC5B8B-4DDE-4AAD-84E3-3A9FF4140DC8} = {75795905-2DFC-4A11-9DD8-12A882898014}
		{19971124-A5A8-4089-9CD8-92500E85DF7A} = {3898546A-285B-4E19-BED2-E692060FD407}
		{B0BE1D69-2013-4755-A859-2F6EC5C21088} = {01A190FB-967C-4E06-9EEE-43D42CFC73B4}
		{1EA6BB0A-45B0-43E9-AE6E-9745481FCF6D} = {E3EDF399-A1A0-403E-8226-1AE9E471B507}
		{7AB26BCA-3BCC-4BEB-9365-69C8F3F4EE6A} = {8544C4B0-D53B-47B3-BCB5-A749F6077418}
	EndGlobalSection
	GlobalSection(ProjectConfigurationPlatforms) = postSolution
		{B4496C60-678A-4554-BAD2-63F52E1F6DE7}.Debug|Any CPU.ActiveCfg = Debug|Any CPU
		{B4496C60-678A-4554-BAD2-63F52E1F6DE7}.Debug|Any CPU.Build.0 = Debug|Any CPU
		{B4496C60-678A-4554-BAD2-63F52E1F6DE7}.Release|Any CPU.ActiveCfg = Release|Any CPU
		{B4496C60-678A-4554-BAD2-63F52E1F6DE7}.Release|Any CPU.Build.0 = Release|Any CPU
		{34779699-CB48-4BDB-8648-1916DB54C117}.Debug|Any CPU.ActiveCfg = Debug|Any CPU
		{34779699-CB48-4BDB-8648-1916DB54C117}.Debug|Any CPU.Build.0 = Debug|Any CPU
		{34779699-CB48-4BDB-8648-1916DB54C117}.Release|Any CPU.ActiveCfg = Release|Any CPU
		{34779699-CB48-4BDB-8648-1916DB54C117}.Release|Any CPU.Build.0 = Release|Any CPU
		{8825C3B2-DA3C-41D6-AC11-4AA274751155}.Debug|Any CPU.ActiveCfg = Debug|Any CPU
		{8825C3B2-DA3C-41D6-AC11-4AA274751155}.Debug|Any CPU.Build.0 = Debug|Any CPU
		{8825C3B2-DA3C-41D6-AC11-4AA274751155}.Release|Any CPU.ActiveCfg = Release|Any CPU
		{8825C3B2-DA3C-41D6-AC11-4AA274751155}.Release|Any CPU.Build.0 = Release|Any CPU
		{E4BC5B8B-4DDE-4AAD-84E3-3A9FF4140DC8}.Debug|Any CPU.ActiveCfg = Debug|Any CPU
		{E4BC5B8B-4DDE-4AAD-84E3-3A9FF4140DC8}.Debug|Any CPU.Build.0 = Debug|Any CPU
		{E4BC5B8B-4DDE-4AAD-84E3-3A9FF4140DC8}.Release|Any CPU.ActiveCfg = Release|Any CPU
		{E4BC5B8B-4DDE-4AAD-84E3-3A9FF4140DC8}.Release|Any CPU.Build.0 = Release|Any CPU
		{19971124-A5A8-4089-9CD8-92500E85DF7A}.Debug|Any CPU.ActiveCfg = Debug|Any CPU
		{19971124-A5A8-4089-9CD8-92500E85DF7A}.Debug|Any CPU.Build.0 = Debug|Any CPU
		{19971124-A5A8-4089-9CD8-92500E85DF7A}.Release|Any CPU.ActiveCfg = Release|Any CPU
		{19971124-A5A8-4089-9CD8-92500E85DF7A}.Release|Any CPU.Build.0 = Release|Any CPU
		{B0BE1D69-2013-4755-A859-2F6EC5C21088}.Debug|Any CPU.ActiveCfg = Debug|Any CPU
		{B0BE1D69-2013-4755-A859-2F6EC5C21088}.Debug|Any CPU.Build.0 = Debug|Any CPU
		{B0BE1D69-2013-4755-A859-2F6EC5C21088}.Release|Any CPU.ActiveCfg = Release|Any CPU
		{B0BE1D69-2013-4755-A859-2F6EC5C21088}.Release|Any CPU.Build.0 = Release|Any CPU
		{1EA6BB0A-45B0-43E9-AE6E-9745481FCF6D}.Debug|Any CPU.ActiveCfg = Debug|Any CPU
		{1EA6BB0A-45B0-43E9-AE6E-9745481FCF6D}.Debug|Any CPU.Build.0 = Debug|Any CPU
		{1EA6BB0A-45B0-43E9-AE6E-9745481FCF6D}.Release|Any CPU.ActiveCfg = Release|Any CPU
		{1EA6BB0A-45B0-43E9-AE6E-9745481FCF6D}.Release|Any CPU.Build.0 = Release|Any CPU
		{7AB26BCA-3BCC-4BEB-9365-69C8F3F4EE6A}.Debug|Any CPU.ActiveCfg = Debug|Any CPU
		{7AB26BCA-3BCC-4BEB-9365-69C8F3F4EE6A}.Debug|Any CPU.Build.0 = Debug|Any CPU
		{7AB26BCA-3BCC-4BEB-9365-69C8F3F4EE6A}.Release|Any CPU.ActiveCfg = Release|Any CPU
		{7AB26BCA-3BCC-4BEB-9365-69C8F3F4EE6A}.Release|Any CPU.Build.0 = Release|Any CPU
	EndGlobalSection
EndGlobal
